// !$*UTF8*$!
{
	archiveVersion = 1;
	classes = {
	};
	objectVersion = 50;
	objects = {

/* Begin PBXBuildFile section */
		B1BBE70016015B8E7A0F0045 /* libPods-TweetKeep.a in Frameworks */ = {isa = PBXBuildFile; fileRef = CFD8A8D019F1C875FBADBBD6 /* libPods-TweetKeep.a */; };
		CF68F0CE20F815A800EA1C84 /* AppDelegate.swift in Sources */ = {isa = PBXBuildFile; fileRef = CF68F0CD20F815A800EA1C84 /* AppDelegate.swift */; };
		CF68F0D020F815A800EA1C84 /* MainViewController.swift in Sources */ = {isa = PBXBuildFile; fileRef = CF68F0CF20F815A800EA1C84 /* MainViewController.swift */; };
		CF68F0D320F815A800EA1C84 /* Main.storyboard in Resources */ = {isa = PBXBuildFile; fileRef = CF68F0D120F815A800EA1C84 /* Main.storyboard */; };
		CF68F0D620F815A800EA1C84 /* TweetKeep.xcdatamodeld in Sources */ = {isa = PBXBuildFile; fileRef = CF68F0D420F815A800EA1C84 /* TweetKeep.xcdatamodeld */; };
		CF68F0D820F815A900EA1C84 /* Assets.xcassets in Resources */ = {isa = PBXBuildFile; fileRef = CF68F0D720F815A900EA1C84 /* Assets.xcassets */; };
		CF68F0DB20F815A900EA1C84 /* LaunchScreen.storyboard in Resources */ = {isa = PBXBuildFile; fileRef = CF68F0D920F815A900EA1C84 /* LaunchScreen.storyboard */; };
		CF68F0E320F81CDD00EA1C84 /* SearchUserVC.swift in Sources */ = {isa = PBXBuildFile; fileRef = CF68F0E220F81CDD00EA1C84 /* SearchUserVC.swift */; };
		CF68F0E520F8277800EA1C84 /* UserCell.swift in Sources */ = {isa = PBXBuildFile; fileRef = CF68F0E420F8277800EA1C84 /* UserCell.swift */; };
		CF6AACC220F907180010DBD5 /* MyTableViewCell.swift in Sources */ = {isa = PBXBuildFile; fileRef = CF6AACC020F907170010DBD5 /* MyTableViewCell.swift */; };
		CF6AACC320F907180010DBD5 /* TweetFinder.swift in Sources */ = {isa = PBXBuildFile; fileRef = CF6AACC120F907180010DBD5 /* TweetFinder.swift */; };
		CF6AACC620F9073B0010DBD5 /* Tweets.storyboard in Resources */ = {isa = PBXBuildFile; fileRef = CF6AACC420F9073B0010DBD5 /* Tweets.storyboard */; };
		CF8FF9EA20F941E7005415EC /* FavoriteTweetsViewController.swift in Sources */ = {isa = PBXBuildFile; fileRef = CF8FF9E620F941E6005415EC /* FavoriteTweetsViewController.swift */; };
		CF8FF9EB20F941E7005415EC /* TweetCell.swift in Sources */ = {isa = PBXBuildFile; fileRef = CF8FF9E720F941E6005415EC /* TweetCell.swift */; };
		CF8FF9EC20F941E7005415EC /* TableCell.swift in Sources */ = {isa = PBXBuildFile; fileRef = CF8FF9E820F941E7005415EC /* TableCell.swift */; };
		CF8FF9ED20F941E7005415EC /* FavoritesViewController.swift in Sources */ = {isa = PBXBuildFile; fileRef = CF8FF9E920F941E7005415EC /* FavoritesViewController.swift */; };
		CF8FF9F020F941F9005415EC /* Favorites.storyboard in Resources */ = {isa = PBXBuildFile; fileRef = CF8FF9EE20F941F9005415EC /* Favorites.storyboard */; };
		CF948B4920F8450100EA975E /* NSMutableArray+test.m in Sources */ = {isa = PBXBuildFile; fileRef = CF948B4820F8450100EA975E /* NSMutableArray+test.m */; };
/* End PBXBuildFile section */

/* Begin PBXFileReference section */
		CDBAA07AFB21AEB7DB74B8DC /* Pods-TweetKeep.release.xcconfig */ = {isa = PBXFileReference; includeInIndex = 1; lastKnownFileType = text.xcconfig; name = "Pods-TweetKeep.release.xcconfig"; path = "Pods/Target Support Files/Pods-TweetKeep/Pods-TweetKeep.release.xcconfig"; sourceTree = "<group>"; };
		CF68F0CA20F815A800EA1C84 /* TweetKeep.app */ = {isa = PBXFileReference; explicitFileType = wrapper.application; includeInIndex = 0; path = TweetKeep.app; sourceTree = BUILT_PRODUCTS_DIR; };
		CF68F0CD20F815A800EA1C84 /* AppDelegate.swift */ = {isa = PBXFileReference; lastKnownFileType = sourcecode.swift; path = AppDelegate.swift; sourceTree = "<group>"; };
		CF68F0CF20F815A800EA1C84 /* MainViewController.swift */ = {isa = PBXFileReference; lastKnownFileType = sourcecode.swift; path = MainViewController.swift; sourceTree = "<group>"; };
		CF68F0D220F815A800EA1C84 /* Base */ = {isa = PBXFileReference; lastKnownFileType = file.storyboard; name = Base; path = Base.lproj/Main.storyboard; sourceTree = "<group>"; };
		CF68F0D520F815A800EA1C84 /* TweetKeep.xcdatamodel */ = {isa = PBXFileReference; lastKnownFileType = wrapper.xcdatamodel; path = TweetKeep.xcdatamodel; sourceTree = "<group>"; };
		CF68F0D720F815A900EA1C84 /* Assets.xcassets */ = {isa = PBXFileReference; lastKnownFileType = folder.assetcatalog; path = Assets.xcassets; sourceTree = "<group>"; };
		CF68F0DA20F815A900EA1C84 /* Base */ = {isa = PBXFileReference; lastKnownFileType = file.storyboard; name = Base; path = Base.lproj/LaunchScreen.storyboard; sourceTree = "<group>"; };
		CF68F0DC20F815A900EA1C84 /* Info.plist */ = {isa = PBXFileReference; lastKnownFileType = text.plist.xml; path = Info.plist; sourceTree = "<group>"; };
		CF68F0E220F81CDD00EA1C84 /* SearchUserVC.swift */ = {isa = PBXFileReference; lastKnownFileType = sourcecode.swift; path = SearchUserVC.swift; sourceTree = "<group>"; };
		CF68F0E420F8277800EA1C84 /* UserCell.swift */ = {isa = PBXFileReference; lastKnownFileType = sourcecode.swift; path = UserCell.swift; sourceTree = "<group>"; };
		CF6AACC020F907170010DBD5 /* MyTableViewCell.swift */ = {isa = PBXFileReference; fileEncoding = 4; lastKnownFileType = sourcecode.swift; path = MyTableViewCell.swift; sourceTree = "<group>"; };
		CF6AACC120F907180010DBD5 /* TweetFinder.swift */ = {isa = PBXFileReference; fileEncoding = 4; lastKnownFileType = sourcecode.swift; path = TweetFinder.swift; sourceTree = "<group>"; };
		CF6AACC520F9073B0010DBD5 /* Base */ = {isa = PBXFileReference; lastKnownFileType = file.storyboard; name = Base; path = Base.lproj/Tweets.storyboard; sourceTree = "<group>"; };
		CF8FF9E620F941E6005415EC /* FavoriteTweetsViewController.swift */ = {isa = PBXFileReference; fileEncoding = 4; lastKnownFileType = sourcecode.swift; path = FavoriteTweetsViewController.swift; sourceTree = "<group>"; };
		CF8FF9E720F941E6005415EC /* TweetCell.swift */ = {isa = PBXFileReference; fileEncoding = 4; lastKnownFileType = sourcecode.swift; path = TweetCell.swift; sourceTree = "<group>"; };
		CF8FF9E820F941E7005415EC /* TableCell.swift */ = {isa = PBXFileReference; fileEncoding = 4; lastKnownFileType = sourcecode.swift; path = TableCell.swift; sourceTree = "<group>"; };
		CF8FF9E920F941E7005415EC /* FavoritesViewController.swift */ = {isa = PBXFileReference; fileEncoding = 4; lastKnownFileType = sourcecode.swift; path = FavoritesViewController.swift; sourceTree = "<group>"; };
		CF8FF9EF20F941F9005415EC /* Base */ = {isa = PBXFileReference; lastKnownFileType = file.storyboard; name = Base; path = TweetKeep/Base.lproj/Favorites.storyboard; sourceTree = "<group>"; };
		CF948B4720F8450100EA975E /* NSMutableArray+test.h */ = {isa = PBXFileReference; lastKnownFileType = sourcecode.c.h; path = "NSMutableArray+test.h"; sourceTree = "<group>"; };
		CF948B4820F8450100EA975E /* NSMutableArray+test.m */ = {isa = PBXFileReference; lastKnownFileType = sourcecode.c.objc; path = "NSMutableArray+test.m"; sourceTree = "<group>"; };
		CFD8A8D019F1C875FBADBBD6 /* libPods-TweetKeep.a */ = {isa = PBXFileReference; explicitFileType = archive.ar; includeInIndex = 0; path = "libPods-TweetKeep.a"; sourceTree = BUILT_PRODUCTS_DIR; };
		F30A3D32C58EBF265BE97332 /* Pods-TweetKeep.debug.xcconfig */ = {isa = PBXFileReference; includeInIndex = 1; lastKnownFileType = text.xcconfig; name = "Pods-TweetKeep.debug.xcconfig"; path = "Pods/Target Support Files/Pods-TweetKeep/Pods-TweetKeep.debug.xcconfig"; sourceTree = "<group>"; };
/* End PBXFileReference section */

/* Begin PBXFrameworksBuildPhase section */
		CF68F0C720F815A800EA1C84 /* Frameworks */ = {
			isa = PBXFrameworksBuildPhase;
			buildActionMask = 2147483647;
			files = (
				B1BBE70016015B8E7A0F0045 /* libPods-TweetKeep.a in Frameworks */,
			);
			runOnlyForDeploymentPostprocessing = 0;
		};
/* End PBXFrameworksBuildPhase section */

/* Begin PBXGroup section */
		CF68F0C120F815A800EA1C84 = {
			isa = PBXGroup;
			children = (
				CF948B4720F8450100EA975E /* NSMutableArray+test.h */,
				CF948B4820F8450100EA975E /* NSMutableArray+test.m */,
				CF68F0CC20F815A800EA1C84 /* TweetKeep */,
				CF68F0CB20F815A800EA1C84 /* Products */,
				D4C34305A57CD7285F26C253 /* Pods */,
				FDCA428B86D305D387F4A2BC /* Frameworks */,
			);
			sourceTree = "<group>";
		};
		CF68F0CB20F815A800EA1C84 /* Products */ = {
			isa = PBXGroup;
			children = (
				CF68F0CA20F815A800EA1C84 /* TweetKeep.app */,
			);
			name = Products;
			sourceTree = "<group>";
		};
		CF68F0CC20F815A800EA1C84 /* TweetKeep */ = {
			isa = PBXGroup;
			children = (
				CF8FF9EE20F941F9005415EC /* Favorites.storyboard */,
				CF8FF9E920F941E7005415EC /* FavoritesViewController.swift */,
				CF8FF9E620F941E6005415EC /* FavoriteTweetsViewController.swift */,
				CF8FF9E820F941E7005415EC /* TableCell.swift */,
				CF8FF9E720F941E6005415EC /* TweetCell.swift */,
				CF68F0E420F8277800EA1C84 /* UserCell.swift */,
				CF68F0CF20F815A800EA1C84 /* MainViewController.swift */,
				CF68F0CD20F815A800EA1C84 /* AppDelegate.swift */,
				CF68F0D120F815A800EA1C84 /* Main.storyboard */,
				CF68F0D720F815A900EA1C84 /* Assets.xcassets */,
				CF6AACC020F907170010DBD5 /* MyTableViewCell.swift */,
				CF6AACC120F907180010DBD5 /* TweetFinder.swift */,
				CF6AACC420F9073B0010DBD5 /* Tweets.storyboard */,
				CF68F0E220F81CDD00EA1C84 /* SearchUserVC.swift */,
				CF68F0D920F815A900EA1C84 /* LaunchScreen.storyboard */,
				CF68F0DC20F815A900EA1C84 /* Info.plist */,
				CF68F0D420F815A800EA1C84 /* TweetKeep.xcdatamodeld */,
			);
			path = TweetKeep;
			sourceTree = "<group>";
		};
		D4C34305A57CD7285F26C253 /* Pods */ = {
			isa = PBXGroup;
			children = (
				F30A3D32C58EBF265BE97332 /* Pods-TweetKeep.debug.xcconfig */,
				CDBAA07AFB21AEB7DB74B8DC /* Pods-TweetKeep.release.xcconfig */,
			);
			name = Pods;
			sourceTree = "<group>";
		};
		FDCA428B86D305D387F4A2BC /* Frameworks */ = {
			isa = PBXGroup;
			children = (
				CFD8A8D019F1C875FBADBBD6 /* libPods-TweetKeep.a */,
			);
			name = Frameworks;
			sourceTree = "<group>";
		};
/* End PBXGroup section */

/* Begin PBXNativeTarget section */
		CF68F0C920F815A800EA1C84 /* TweetKeep */ = {
			isa = PBXNativeTarget;
			buildConfigurationList = CF68F0DF20F815A900EA1C84 /* Build configuration list for PBXNativeTarget "TweetKeep" */;
			buildPhases = (
				CADC8FFC4F1DEB9876C0D154 /* [CP] Check Pods Manifest.lock */,
				CF68F0C620F815A800EA1C84 /* Sources */,
				CF68F0C720F815A800EA1C84 /* Frameworks */,
				CF68F0C820F815A800EA1C84 /* Resources */,
			);
			buildRules = (
			);
			dependencies = (
			);
			name = TweetKeep;
			productName = TweetKeep;
			productReference = CF68F0CA20F815A800EA1C84 /* TweetKeep.app */;
			productType = "com.apple.product-type.application";
		};
/* End PBXNativeTarget section */

/* Begin PBXProject section */
		CF68F0C220F815A800EA1C84 /* Project object */ = {
			isa = PBXProject;
			attributes = {
				LastSwiftUpdateCheck = 0940;
				LastUpgradeCheck = 0940;
				ORGANIZATIONNAME = AshwinMahesh;
				TargetAttributes = {
					CF68F0C920F815A800EA1C84 = {
						CreatedOnToolsVersion = 9.4.1;
						LastSwiftMigration = 0940;
					};
				};
			};
			buildConfigurationList = CF68F0C520F815A800EA1C84 /* Build configuration list for PBXProject "TweetKeep" */;
			compatibilityVersion = "Xcode 9.3";
			developmentRegion = en;
			hasScannedForEncodings = 0;
			knownRegions = (
				en,
				Base,
			);
			mainGroup = CF68F0C120F815A800EA1C84;
			productRefGroup = CF68F0CB20F815A800EA1C84 /* Products */;
			projectDirPath = "";
			projectRoot = "";
			targets = (
				CF68F0C920F815A800EA1C84 /* TweetKeep */,
			);
		};
/* End PBXProject section */

/* Begin PBXResourcesBuildPhase section */
		CF68F0C820F815A800EA1C84 /* Resources */ = {
			isa = PBXResourcesBuildPhase;
			buildActionMask = 2147483647;
			files = (
				CF6AACC620F9073B0010DBD5 /* Tweets.storyboard in Resources */,
				CF68F0DB20F815A900EA1C84 /* LaunchScreen.storyboard in Resources */,
				CF68F0D820F815A900EA1C84 /* Assets.xcassets in Resources */,
				CF68F0D320F815A800EA1C84 /* Main.storyboard in Resources */,
				CF8FF9F020F941F9005415EC /* Favorites.storyboard in Resources */,
			);
			runOnlyForDeploymentPostprocessing = 0;
		};
/* End PBXResourcesBuildPhase section */

/* Begin PBXShellScriptBuildPhase section */
		CADC8FFC4F1DEB9876C0D154 /* [CP] Check Pods Manifest.lock */ = {
			isa = PBXShellScriptBuildPhase;
			buildActionMask = 2147483647;
			files = (
			);
			inputPaths = (
				"${PODS_PODFILE_DIR_PATH}/Podfile.lock",
				"${PODS_ROOT}/Manifest.lock",
			);
			name = "[CP] Check Pods Manifest.lock";
			outputPaths = (
				"$(DERIVED_FILE_DIR)/Pods-TweetKeep-checkManifestLockResult.txt",
			);
			runOnlyForDeploymentPostprocessing = 0;
			shellPath = /bin/sh;
			shellScript = "diff \"${PODS_PODFILE_DIR_PATH}/Podfile.lock\" \"${PODS_ROOT}/Manifest.lock\" > /dev/null\nif [ $? != 0 ] ; then\n    # print error to STDERR\n    echo \"error: The sandbox is not in sync with the Podfile.lock. Run 'pod install' or update your CocoaPods installation.\" >&2\n    exit 1\nfi\n# This output is used by Xcode 'outputs' to avoid re-running this script phase.\necho \"SUCCESS\" > \"${SCRIPT_OUTPUT_FILE_0}\"\n";
			showEnvVarsInLog = 0;
		};
/* End PBXShellScriptBuildPhase section */

/* Begin PBXSourcesBuildPhase section */
		CF68F0C620F815A800EA1C84 /* Sources */ = {
			isa = PBXSourcesBuildPhase;
			buildActionMask = 2147483647;
			files = (
				CF6AACC220F907180010DBD5 /* MyTableViewCell.swift in Sources */,
				CF68F0D620F815A800EA1C84 /* TweetKeep.xcdatamodeld in Sources */,
				CF948B4920F8450100EA975E /* NSMutableArray+test.m in Sources */,
				CF68F0D020F815A800EA1C84 /* MainViewController.swift in Sources */,
				CF68F0CE20F815A800EA1C84 /* AppDelegate.swift in Sources */,
				CF6AACC320F907180010DBD5 /* TweetFinder.swift in Sources */,
				CF68F0E520F8277800EA1C84 /* UserCell.swift in Sources */,
				CF8FF9EC20F941E7005415EC /* TableCell.swift in Sources */,
				CF8FF9EB20F941E7005415EC /* TweetCell.swift in Sources */,
				CF8FF9EA20F941E7005415EC /* FavoriteTweetsViewController.swift in Sources */,
				CF8FF9ED20F941E7005415EC /* FavoritesViewController.swift in Sources */,
				CF68F0E320F81CDD00EA1C84 /* SearchUserVC.swift in Sources */,
			);
			runOnlyForDeploymentPostprocessing = 0;
		};
/* End PBXSourcesBuildPhase section */

/* Begin PBXVariantGroup section */
		CF68F0D120F815A800EA1C84 /* Main.storyboard */ = {
			isa = PBXVariantGroup;
			children = (
				CF68F0D220F815A800EA1C84 /* Base */,
			);
			name = Main.storyboard;
			sourceTree = "<group>";
		};
		CF68F0D920F815A900EA1C84 /* LaunchScreen.storyboard */ = {
			isa = PBXVariantGroup;
			children = (
				CF68F0DA20F815A900EA1C84 /* Base */,
			);
			name = LaunchScreen.storyboard;
			sourceTree = "<group>";
		};
		CF6AACC420F9073B0010DBD5 /* Tweets.storyboard */ = {
			isa = PBXVariantGroup;
			children = (
				CF6AACC520F9073B0010DBD5 /* Base */,
			);
			name = Tweets.storyboard;
			sourceTree = "<group>";
		};
		CF8FF9EE20F941F9005415EC /* Favorites.storyboard */ = {
			isa = PBXVariantGroup;
			children = (
				CF8FF9EF20F941F9005415EC /* Base */,
			);
			name = Favorites.storyboard;
			sourceTree = "<group>";
		};
/* End PBXVariantGroup section */

/* Begin XCBuildConfiguration section */
		CF68F0DD20F815A900EA1C84 /* Debug */ = {
			isa = XCBuildConfiguration;
			buildSettings = {
				ALWAYS_SEARCH_USER_PATHS = NO;
				CLANG_ANALYZER_NONNULL = YES;
				CLANG_ANALYZER_NUMBER_OBJECT_CONVERSION = YES_AGGRESSIVE;
				CLANG_CXX_LANGUAGE_STANDARD = "gnu++14";
				CLANG_CXX_LIBRARY = "libc++";
				CLANG_ENABLE_MODULES = YES;
				CLANG_ENABLE_OBJC_ARC = YES;
				CLANG_ENABLE_OBJC_WEAK = YES;
				CLANG_WARN_BLOCK_CAPTURE_AUTORELEASING = YES;
				CLANG_WARN_BOOL_CONVERSION = YES;
				CLANG_WARN_COMMA = YES;
				CLANG_WARN_CONSTANT_CONVERSION = YES;
				CLANG_WARN_DEPRECATED_OBJC_IMPLEMENTATIONS = YES;
				CLANG_WARN_DIRECT_OBJC_ISA_USAGE = YES_ERROR;
				CLANG_WARN_DOCUMENTATION_COMMENTS = YES;
				CLANG_WARN_EMPTY_BODY = YES;
				CLANG_WARN_ENUM_CONVERSION = YES;
				CLANG_WARN_INFINITE_RECURSION = YES;
				CLANG_WARN_INT_CONVERSION = YES;
				CLANG_WARN_NON_LITERAL_NULL_CONVERSION = YES;
				CLANG_WARN_OBJC_IMPLICIT_RETAIN_SELF = YES;
				CLANG_WARN_OBJC_LITERAL_CONVERSION = YES;
				CLANG_WARN_OBJC_ROOT_CLASS = YES_ERROR;
				CLANG_WARN_RANGE_LOOP_ANALYSIS = YES;
				CLANG_WARN_STRICT_PROTOTYPES = YES;
				CLANG_WARN_SUSPICIOUS_MOVE = YES;
				CLANG_WARN_UNGUARDED_AVAILABILITY = YES_AGGRESSIVE;
				CLANG_WARN_UNREACHABLE_CODE = YES;
				CLANG_WARN__DUPLICATE_METHOD_MATCH = YES;
				CODE_SIGN_IDENTITY = "iPhone Developer";
				COPY_PHASE_STRIP = NO;
				DEBUG_INFORMATION_FORMAT = dwarf;
				ENABLE_STRICT_OBJC_MSGSEND = YES;
				ENABLE_TESTABILITY = YES;
				GCC_C_LANGUAGE_STANDARD = gnu11;
				GCC_DYNAMIC_NO_PIC = NO;
				GCC_NO_COMMON_BLOCKS = YES;
				GCC_OPTIMIZATION_LEVEL = 0;
				GCC_PREPROCESSOR_DEFINITIONS = (
					"DEBUG=1",
					"$(inherited)",
				);
				GCC_WARN_64_TO_32_BIT_CONVERSION = YES;
				GCC_WARN_ABOUT_RETURN_TYPE = YES_ERROR;
				GCC_WARN_UNDECLARED_SELECTOR = YES;
				GCC_WARN_UNINITIALIZED_AUTOS = YES_AGGRESSIVE;
				GCC_WARN_UNUSED_FUNCTION = YES;
				GCC_WARN_UNUSED_VARIABLE = YES;
				IPHONEOS_DEPLOYMENT_TARGET = 11.4;
				MTL_ENABLE_DEBUG_INFO = YES;
				ONLY_ACTIVE_ARCH = YES;
				SDKROOT = iphoneos;
				SWIFT_ACTIVE_COMPILATION_CONDITIONS = DEBUG;
				SWIFT_OPTIMIZATION_LEVEL = "-Onone";
			};
			name = Debug;
		};
		CF68F0DE20F815A900EA1C84 /* Release */ = {
			isa = XCBuildConfiguration;
			buildSettings = {
				ALWAYS_SEARCH_USER_PATHS = NO;
				CLANG_ANALYZER_NONNULL = YES;
				CLANG_ANALYZER_NUMBER_OBJECT_CONVERSION = YES_AGGRESSIVE;
				CLANG_CXX_LANGUAGE_STANDARD = "gnu++14";
				CLANG_CXX_LIBRARY = "libc++";
				CLANG_ENABLE_MODULES = YES;
				CLANG_ENABLE_OBJC_ARC = YES;
				CLANG_ENABLE_OBJC_WEAK = YES;
				CLANG_WARN_BLOCK_CAPTURE_AUTORELEASING = YES;
				CLANG_WARN_BOOL_CONVERSION = YES;
				CLANG_WARN_COMMA = YES;
				CLANG_WARN_CONSTANT_CONVERSION = YES;
				CLANG_WARN_DEPRECATED_OBJC_IMPLEMENTATIONS = YES;
				CLANG_WARN_DIRECT_OBJC_ISA_USAGE = YES_ERROR;
				CLANG_WARN_DOCUMENTATION_COMMENTS = YES;
				CLANG_WARN_EMPTY_BODY = YES;
				CLANG_WARN_ENUM_CONVERSION = YES;
				CLANG_WARN_INFINITE_RECURSION = YES;
				CLANG_WARN_INT_CONVERSION = YES;
				CLANG_WARN_NON_LITERAL_NULL_CONVERSION = YES;
				CLANG_WARN_OBJC_IMPLICIT_RETAIN_SELF = YES;
				CLANG_WARN_OBJC_LITERAL_CONVERSION = YES;
				CLANG_WARN_OBJC_ROOT_CLASS = YES_ERROR;
				CLANG_WARN_RANGE_LOOP_ANALYSIS = YES;
				CLANG_WARN_STRICT_PROTOTYPES = YES;
				CLANG_WARN_SUSPICIOUS_MOVE = YES;
				CLANG_WARN_UNGUARDED_AVAILABILITY = YES_AGGRESSIVE;
				CLANG_WARN_UNREACHABLE_CODE = YES;
				CLANG_WARN__DUPLICATE_METHOD_MATCH = YES;
				CODE_SIGN_IDENTITY = "iPhone Developer";
				COPY_PHASE_STRIP = NO;
				DEBUG_INFORMATION_FORMAT = "dwarf-with-dsym";
				ENABLE_NS_ASSERTIONS = NO;
				ENABLE_STRICT_OBJC_MSGSEND = YES;
				GCC_C_LANGUAGE_STANDARD = gnu11;
				GCC_NO_COMMON_BLOCKS = YES;
				GCC_WARN_64_TO_32_BIT_CONVERSION = YES;
				GCC_WARN_ABOUT_RETURN_TYPE = YES_ERROR;
				GCC_WARN_UNDECLARED_SELECTOR = YES;
				GCC_WARN_UNINITIALIZED_AUTOS = YES_AGGRESSIVE;
				GCC_WARN_UNUSED_FUNCTION = YES;
				GCC_WARN_UNUSED_VARIABLE = YES;
				IPHONEOS_DEPLOYMENT_TARGET = 11.4;
				MTL_ENABLE_DEBUG_INFO = NO;
				SDKROOT = iphoneos;
				SWIFT_COMPILATION_MODE = wholemodule;
				SWIFT_OPTIMIZATION_LEVEL = "-O";
				VALIDATE_PRODUCT = YES;
			};
			name = Release;
		};
		CF68F0E020F815A900EA1C84 /* Debug */ = {
			isa = XCBuildConfiguration;
			baseConfigurationReference = F30A3D32C58EBF265BE97332 /* Pods-TweetKeep.debug.xcconfig */;
			buildSettings = {
				ASSETCATALOG_COMPILER_APPICON_NAME = AppIcon;
				CLANG_ENABLE_MODULES = YES;
				CODE_SIGN_STYLE = Automatic;
				DEVELOPMENT_TEAM = 9LRKCCKB3Y;
				INFOPLIST_FILE = TweetKeep/Info.plist;
				LD_RUNPATH_SEARCH_PATHS = (
					"$(inherited)",
					"@executable_path/Frameworks",
				);
				PRODUCT_BUNDLE_IDENTIFIER = "com.ashwinmahesh.Tweet-Keep";
				PRODUCT_NAME = "$(TARGET_NAME)";
				SWIFT_OBJC_BRIDGING_HEADER = "TweetKeep-Bridging-Header.h";
				SWIFT_OPTIMIZATION_LEVEL = "-Onone";
				SWIFT_VERSION = 4.0;
				TARGETED_DEVICE_FAMILY = 1;
			};
			name = Debug;
		};
		CF68F0E120F815A900EA1C84 /* Release */ = {
			isa = XCBuildConfiguration;
			baseConfigurationReference = CDBAA07AFB21AEB7DB74B8DC /* Pods-TweetKeep.release.xcconfig */;
			buildSettings = {
				ASSETCATALOG_COMPILER_APPICON_NAME = AppIcon;
				CLANG_ENABLE_MODULES = YES;
				CODE_SIGN_STYLE = Automatic;
				DEVELOPMENT_TEAM = 9LRKCCKB3Y;
				INFOPLIST_FILE = TweetKeep/Info.plist;
				LD_RUNPATH_SEARCH_PATHS = (
					"$(inherited)",
					"@executable_path/Frameworks",
				);
				PRODUCT_BUNDLE_IDENTIFIER = "com.ashwinmahesh.Tweet-Keep";
				PRODUCT_NAME = "$(TARGET_NAME)";
				SWIFT_OBJC_BRIDGING_HEADER = "TweetKeep-Bridging-Header.h";
				SWIFT_VERSION = 4.0;
				TARGETED_DEVICE_FAMILY = 1;
			};
			name = Release;
		};
/* End XCBuildConfiguration section */

/* Begin XCConfigurationList section */
		CF68F0C520F815A800EA1C84 /* Build configuration list for PBXProject "TweetKeep" */ = {
			isa = XCConfigurationList;
			buildConfigurations = (
				CF68F0DD20F815A900EA1C84 /* Debug */,
				CF68F0DE20F815A900EA1C84 /* Release */,
			);
			defaultConfigurationIsVisible = 0;
			defaultConfigurationName = Release;
		};
		CF68F0DF20F815A900EA1C84 /* Build configuration list for PBXNativeTarget "TweetKeep" */ = {
			isa = XCConfigurationList;
			buildConfigurations = (
				CF68F0E020F815A900EA1C84 /* Debug */,
				CF68F0E120F815A900EA1C84 /* Release */,
			);
			defaultConfigurationIsVisible = 0;
			defaultConfigurationName = Release;
		};
/* End XCConfigurationList section */

/* Begin XCVersionGroup section */
		CF68F0D420F815A800EA1C84 /* TweetKeep.xcdatamodeld */ = {
			isa = XCVersionGroup;
			children = (
				CF68F0D520F815A800EA1C84 /* TweetKeep.xcdatamodel */,
			);
			currentVersion = CF68F0D520F815A800EA1C84 /* TweetKeep.xcdatamodel */;
			path = TweetKeep.xcdatamodeld;
			sourceTree = "<group>";
			versionGroupType = wrapper.xcdatamodel;
		};
/* End XCVersionGroup section */
	};
	rootObject = CF68F0C220F815A800EA1C84 /* Project object */;
}
